
Microsoft Visual Studio Solution File, Format Version 12.00
# Visual Studio Version 16
VisualStudioVersion = 16.0.31829.152
MinimumVisualStudioVersion = 10.0.40219.1
Project("{FAE04EC0-301F-11D3-BF4B-00C04F79EFBC}") = "MObileChiboApp", "MObileChiboApp\MObileChiboApp.csproj", "{C9176AF3-63CF-4BA8-941E-4FA1A6E893CB}"
EndProject
Global
	GlobalSection(SolutionConfigurationPlatforms) = preSolution
		Debug|Any CPU = Debug|Any CPU
		Release|Any CPU = Release|Any CPU
	EndGlobalSection
	GlobalSection(ProjectConfigurationPlatforms) = postSolution
		{C9176AF3-63CF-4BA8-941E-4FA1A6E893CB}.Debug|Any CPU.ActiveCfg = Debug|Any CPU
		{C9176AF3-63CF-4BA8-941E-4FA1A6E893CB}.Debug|Any CPU.Build.0 = Debug|Any CPU
		{C9176AF3-63CF-4BA8-941E-4FA1A6E893CB}.Debug|Any CPU.Deploy.0 = Debug|Any CPU
		{C9176AF3-63CF-4BA8-941E-4FA1A6E893CB}.Release|Any CPU.ActiveCfg = Release|Any CPU
		{C9176AF3-63CF-4BA8-941E-4FA1A6E893CB}.Release|Any CPU.Build.0 = Release|Any CPU
		{C9176AF3-63CF-4BA8-941E-4FA1A6E893CB}.Release|Any CPU.Deploy.0 = Release|Any CPU
	EndGlobalSection
	GlobalSection(SolutionProperties) = preSolution
		HideSolutionNode = FALSE
	EndGlobalSection
	GlobalSection(ExtensibilityGlobals) = postSolution
		SolutionGuid = {77F1324B-CB19-4B46-8160-189BD6C53EA0}
	EndGlobalSection
EndGlobal
